{
  "version": 1,
  "dependencies": {
    "net6.0-windows7.0": {
      "DiscordRichPresence": {
        "type": "Direct",
        "requested": "[1.0.175, )",
        "resolved": "1.0.175",
        "contentHash": "qSWobPTbvHh9gOoBYT8C8eUhKtVdBI/WvW7GY9lNMEtsZIpL6nxCvYJwjsGL3dqlEAGY5k0vdq+wnuDLVBSV2w==",
        "dependencies": {
          "Microsoft.Win32.Registry": "4.5.0",
          "Newtonsoft.Json": "12.0.2"
        }
      },
      "ini-parser": {
        "type": "Direct",
        "requested": "[2.5.2, )",
        "resolved": "2.5.2",
        "contentHash": "hp3gKmC/14+6eKLgv7Jd1Z7OV86lO+tNfOXr/stQbwmRhdQuXVSvrRAuAe7G5+lwhkov0XkqZ8/bn1PYWMx6eg=="
      },
      "Microsoft.Win32.Registry": {
        "type": "Direct",
        "requested": "[6.0.0-preview.5.21301.5, )",
        "resolved": "6.0.0-preview.5.21301.5",
        "contentHash": "qYLtJIAEJJmY2vXxlVO8x4uXfgq7DFOHjpmnHlLm7kmAvyNFckYY/Dx5CZythBXvI2/7sratbIGKqSTysfgZ8A==",
        "dependencies": {
          "System.Security.AccessControl": "6.0.0-preview.5.21301.5",
          "System.Security.Principal.Windows": "6.0.0-preview.5.21301.5"
        }
      },
      "Newtonsoft.Json": {
        "type": "Transitive",
        "resolved": "12.0.2",
        "contentHash": "rTK0s2EKlfHsQsH6Yx2smvcTCeyoDNgCW7FEYyV01drPlh2T243PR2DiDXqtC5N4GDm4Ma/lkxfW5a/4793vbA=="
      },
      "System.Security.AccessControl": {
        "type": "Transitive",
        "resolved": "6.0.0-preview.5.21301.5",
        "contentHash": "EA9ul7nGN8oggMvloILnR+wnrbgLNZZQBYHq5nEq/ixwnKLV3M3Tbd1Jbj8oGck3XMj0owq81e4Jxp3s0IMICw==",
        "dependencies": {
          "System.Security.Principal.Windows": "6.0.0-preview.5.21301.5"
        }
      },
      "System.Security.Principal.Windows": {
        "type": "Transitive",
        "resolved": "6.0.0-preview.5.21301.5",
        "contentHash": "ywwCqFAaRVbgqqORqYg8jdaX6NUEpzbuhxyUhAs+7mZ8AFAO4PzFYrZ5JPkYejXwougDldtbi0zOkk1lLzugLw=="
      }
    }
  }
}